// !$*UTF8*$!
{
	archiveVersion = 1;
	classes = {
	};
	objectVersion = 50;
	objects = {

/* Begin PBXBuildFile section */
		4312E78E22519B100012DF54 /* AuthKey_U7XN79MW5Y.p8 in Resources */ = {isa = PBXBuildFile; fileRef = 4312E78D22519B100012DF54 /* AuthKey_U7XN79MW5Y.p8 */; };
		4312E78F22519B100012DF54 /* AuthKey_U7XN79MW5Y.p8 in Resources */ = {isa = PBXBuildFile; fileRef = 4312E78D22519B100012DF54 /* AuthKey_U7XN79MW5Y.p8 */; };
		43E028C0224C5DA700C086A5 /* AppleMusic.swift in Sources */ = {isa = PBXBuildFile; fileRef = 43E028BF224C5DA700C086A5 /* AppleMusic.swift */; };
		43E028C7224C695E00C086A5 /* Package.swift in Sources */ = {isa = PBXBuildFile; fileRef = 43E028C6224C695E00C086A5 /* Package.swift */; };
		43E028C9224C6EEE00C086A5 /* launchScreen.storyboard in Resources */ = {isa = PBXBuildFile; fileRef = 43E028C8224C6EEE00C086A5 /* launchScreen.storyboard */; };
		8E1956CC223083FB008300D3 /* Assets.xcassets in Resources */ = {isa = PBXBuildFile; fileRef = 8E1956CB223083FB008300D3 /* Assets.xcassets */; };
		8E1956D3223083FB008300D3 /* PlaylistConverter MessagesExtension.appex in Embed App Extensions */ = {isa = PBXBuildFile; fileRef = 8E1956D2223083FB008300D3 /* PlaylistConverter MessagesExtension.appex */; settings = {ATTRIBUTES = (RemoveHeadersOnCopy, ); }; };
		8E1956D8223083FB008300D3 /* Messages.framework in Frameworks */ = {isa = PBXBuildFile; fileRef = 8E1956D7223083FB008300D3 /* Messages.framework */; };
		8E1956DB223083FC008300D3 /* MessagesViewController.swift in Sources */ = {isa = PBXBuildFile; fileRef = 8E1956DA223083FC008300D3 /* MessagesViewController.swift */; };
		8E1956DE223083FC008300D3 /* MainInterface.storyboard in Resources */ = {isa = PBXBuildFile; fileRef = 8E1956DC223083FC008300D3 /* MainInterface.storyboard */; };
		8E1956E0223083FC008300D3 /* Assets.xcassets in Resources */ = {isa = PBXBuildFile; fileRef = 8E1956DF223083FC008300D3 /* Assets.xcassets */; };
		8E1956ED223086A4008300D3 /* AudioToolbox.framework in Frameworks */ = {isa = PBXBuildFile; fileRef = 8E1956EC223086A4008300D3 /* AudioToolbox.framework */; };
/* End PBXBuildFile section */

/* Begin PBXContainerItemProxy section */
		8E1956D4223083FB008300D3 /* PBXContainerItemProxy */ = {
			isa = PBXContainerItemProxy;
			containerPortal = 8E1956C2223083F6008300D3 /* Project object */;
			proxyType = 1;
			remoteGlobalIDString = 8E1956D1223083FB008300D3;
			remoteInfo = "PlaylistConverter MessagesExtension";
		};
/* End PBXContainerItemProxy section */

/* Begin PBXCopyFilesBuildPhase section */
		8E1956E7223083FC008300D3 /* Embed App Extensions */ = {
			isa = PBXCopyFilesBuildPhase;
			buildActionMask = 2147483647;
			dstPath = "";
			dstSubfolderSpec = 13;
			files = (
				8E1956D3223083FB008300D3 /* PlaylistConverter MessagesExtension.appex in Embed App Extensions */,
			);
			name = "Embed App Extensions";
			runOnlyForDeploymentPostprocessing = 0;
		};
/* End PBXCopyFilesBuildPhase section */

/* Begin PBXFileReference section */
		4312E78D22519B100012DF54 /* AuthKey_U7XN79MW5Y.p8 */ = {isa = PBXFileReference; fileEncoding = 4; lastKnownFileType = text; path = AuthKey_U7XN79MW5Y.p8; sourceTree = "<group>"; };
		43E028BF224C5DA700C086A5 /* AppleMusic.swift */ = {isa = PBXFileReference; lastKnownFileType = sourcecode.swift; path = AppleMusic.swift; sourceTree = "<group>"; };
		43E028C6224C695E00C086A5 /* Package.swift */ = {isa = PBXFileReference; lastKnownFileType = sourcecode.swift; path = Package.swift; sourceTree = "<group>"; };
		43E028C8224C6EEE00C086A5 /* launchScreen.storyboard */ = {isa = PBXFileReference; lastKnownFileType = file.storyboard; path = launchScreen.storyboard; sourceTree = "<group>"; };
		8E1956C8223083F6008300D3 /* PlaylistConverter.app */ = {isa = PBXFileReference; explicitFileType = wrapper.application; includeInIndex = 0; path = PlaylistConverter.app; sourceTree = BUILT_PRODUCTS_DIR; };
		8E1956CB223083FB008300D3 /* Assets.xcassets */ = {isa = PBXFileReference; lastKnownFileType = folder.assetcatalog; path = Assets.xcassets; sourceTree = "<group>"; };
		8E1956CD223083FB008300D3 /* Info.plist */ = {isa = PBXFileReference; lastKnownFileType = text.plist.xml; path = Info.plist; sourceTree = "<group>"; };
		8E1956D2223083FB008300D3 /* PlaylistConverter MessagesExtension.appex */ = {isa = PBXFileReference; explicitFileType = "wrapper.app-extension"; includeInIndex = 0; path = "PlaylistConverter MessagesExtension.appex"; sourceTree = BUILT_PRODUCTS_DIR; };
		8E1956D7223083FB008300D3 /* Messages.framework */ = {isa = PBXFileReference; lastKnownFileType = wrapper.framework; name = Messages.framework; path = System/Library/Frameworks/Messages.framework; sourceTree = SDKROOT; };
		8E1956DA223083FC008300D3 /* MessagesViewController.swift */ = {isa = PBXFileReference; lastKnownFileType = sourcecode.swift; path = MessagesViewController.swift; sourceTree = "<group>"; };
		8E1956DD223083FC008300D3 /* Base */ = {isa = PBXFileReference; lastKnownFileType = file.storyboard; name = Base; path = Base.lproj/MainInterface.storyboard; sourceTree = "<group>"; };
		8E1956DF223083FC008300D3 /* Assets.xcassets */ = {isa = PBXFileReference; lastKnownFileType = folder.assetcatalog; path = Assets.xcassets; sourceTree = "<group>"; };
		8E1956E1223083FC008300D3 /* Info.plist */ = {isa = PBXFileReference; lastKnownFileType = text.plist.xml; path = Info.plist; sourceTree = "<group>"; };
		8E1956EB2230869E008300D3 /* PlaylistConverter MessagesExtension.entitlements */ = {isa = PBXFileReference; lastKnownFileType = text.plist.entitlements; path = "PlaylistConverter MessagesExtension.entitlements"; sourceTree = "<group>"; };
		8E1956EC223086A4008300D3 /* AudioToolbox.framework */ = {isa = PBXFileReference; lastKnownFileType = wrapper.framework; name = AudioToolbox.framework; path = System/Library/Frameworks/AudioToolbox.framework; sourceTree = SDKROOT; };
/* End PBXFileReference section */

/* Begin PBXFrameworksBuildPhase section */
		8E1956CF223083FB008300D3 /* Frameworks */ = {
			isa = PBXFrameworksBuildPhase;
			buildActionMask = 2147483647;
			files = (
				8E1956D8223083FB008300D3 /* Messages.framework in Frameworks */,
				8E1956ED223086A4008300D3 /* AudioToolbox.framework in Frameworks */,
			);
			runOnlyForDeploymentPostprocessing = 0;
		};
/* End PBXFrameworksBuildPhase section */

/* Begin PBXGroup section */
		8E1956C1223083F6008300D3 = {
			isa = PBXGroup;
			children = (
				8E1956CA223083F6008300D3 /* PlaylistConverter */,
				8E1956D9223083FB008300D3 /* PlaylistConverter MessagesExtension */,
				8E1956D6223083FB008300D3 /* Frameworks */,
				8E1956C9223083F6008300D3 /* Products */,
			);
			sourceTree = "<group>";
		};
		8E1956C9223083F6008300D3 /* Products */ = {
			isa = PBXGroup;
			children = (
				8E1956C8223083F6008300D3 /* PlaylistConverter.app */,
				8E1956D2223083FB008300D3 /* PlaylistConverter MessagesExtension.appex */,
			);
			name = Products;
			sourceTree = "<group>";
		};
		8E1956CA223083F6008300D3 /* PlaylistConverter */ = {
			isa = PBXGroup;
			children = (
				8E1956CB223083FB008300D3 /* Assets.xcassets */,
				8E1956CD223083FB008300D3 /* Info.plist */,
			);
			path = PlaylistConverter;
			sourceTree = "<group>";
		};
		8E1956D6223083FB008300D3 /* Frameworks */ = {
			isa = PBXGroup;
			children = (
				8E1956EC223086A4008300D3 /* AudioToolbox.framework */,
				8E1956D7223083FB008300D3 /* Messages.framework */,
			);
			name = Frameworks;
			sourceTree = "<group>";
		};
		8E1956D9223083FB008300D3 /* PlaylistConverter MessagesExtension */ = {
			isa = PBXGroup;
			children = (
				4312E78D22519B100012DF54 /* AuthKey_U7XN79MW5Y.p8 */,
				8E1956EB2230869E008300D3 /* PlaylistConverter MessagesExtension.entitlements */,
				8E1956DA223083FC008300D3 /* MessagesViewController.swift */,
				43E028C6224C695E00C086A5 /* Package.swift */,
				43E028BF224C5DA700C086A5 /* AppleMusic.swift */,
				8E1956DC223083FC008300D3 /* MainInterface.storyboard */,
				43E028C8224C6EEE00C086A5 /* launchScreen.storyboard */,
				8E1956DF223083FC008300D3 /* Assets.xcassets */,
				8E1956E1223083FC008300D3 /* Info.plist */,
			);
			path = "PlaylistConverter MessagesExtension";
			sourceTree = "<group>";
		};
/* End PBXGroup section */

/* Begin PBXNativeTarget section */
		8E1956C7223083F6008300D3 /* PlaylistConverter */ = {
			isa = PBXNativeTarget;
			buildConfigurationList = 8E1956E8223083FC008300D3 /* Build configuration list for PBXNativeTarget "PlaylistConverter" */;
			buildPhases = (
				8E1956C6223083F6008300D3 /* Resources */,
				8E1956E7223083FC008300D3 /* Embed App Extensions */,
			);
			buildRules = (
			);
			dependencies = (
				8E1956D5223083FB008300D3 /* PBXTargetDependency */,
			);
			name = PlaylistConverter;
			productName = PlaylistConverter;
			productReference = 8E1956C8223083F6008300D3 /* PlaylistConverter.app */;
			productType = "com.apple.product-type.application.messages";
		};
		8E1956D1223083FB008300D3 /* PlaylistConverter MessagesExtension */ = {
			isa = PBXNativeTarget;
			buildConfigurationList = 8E1956E4223083FC008300D3 /* Build configuration list for PBXNativeTarget "PlaylistConverter MessagesExtension" */;
			buildPhases = (
				8E1956CE223083FB008300D3 /* Sources */,
				8E1956CF223083FB008300D3 /* Frameworks */,
				8E1956D0223083FB008300D3 /* Resources */,
			);
			buildRules = (
			);
			dependencies = (
			);
			name = "PlaylistConverter MessagesExtension";
			productName = "PlaylistConverter MessagesExtension";
			productReference = 8E1956D2223083FB008300D3 /* PlaylistConverter MessagesExtension.appex */;
			productType = "com.apple.product-type.app-extension.messages";
		};
/* End PBXNativeTarget section */

/* Begin PBXProject section */
		8E1956C2223083F6008300D3 /* Project object */ = {
			isa = PBXProject;
			attributes = {
				LastSwiftUpdateCheck = 1010;
				LastUpgradeCheck = 1010;
				ORGANIZATIONNAME = "Vignesh Vasan";
				TargetAttributes = {
					8E1956C7223083F6008300D3 = {
						CreatedOnToolsVersion = 10.1;
					};
					8E1956D1223083FB008300D3 = {
						CreatedOnToolsVersion = 10.1;
						SystemCapabilities = {
							com.apple.InterAppAudio = {
								enabled = 1;
							};
							com.apple.iCloud = {
								enabled = 0;
							};
						};
					};
				};
			};
			buildConfigurationList = 8E1956C5223083F6008300D3 /* Build configuration list for PBXProject "PlaylistConverter" */;
			compatibilityVersion = "Xcode 9.3";
			developmentRegion = en;
			hasScannedForEncodings = 0;
			knownRegions = (
				en,
				Base,
			);
			mainGroup = 8E1956C1223083F6008300D3;
			productRefGroup = 8E1956C9223083F6008300D3 /* Products */;
			projectDirPath = "";
			projectRoot = "";
			targets = (
				8E1956C7223083F6008300D3 /* PlaylistConverter */,
				8E1956D1223083FB008300D3 /* PlaylistConverter MessagesExtension */,
			);
		};
/* End PBXProject section */

/* Begin PBXResourcesBuildPhase section */
		8E1956C6223083F6008300D3 /* Resources */ = {
			isa = PBXResourcesBuildPhase;
			buildActionMask = 2147483647;
			files = (
				8E1956CC223083FB008300D3 /* Assets.xcassets in Resources */,
				4312E78E22519B100012DF54 /* AuthKey_U7XN79MW5Y.p8 in Resources */,
			);
			runOnlyForDeploymentPostprocessing = 0;
		};
		8E1956D0223083FB008300D3 /* Resources */ = {
			isa = PBXResourcesBuildPhase;
			buildActionMask = 2147483647;
			files = (
				8E1956E0223083FC008300D3 /* Assets.xcassets in Resources */,
				4312E78F22519B100012DF54 /* AuthKey_U7XN79MW5Y.p8 in Resources */,
				43E028C9224C6EEE00C086A5 /* launchScreen.storyboard in Resources */,
				8E1956DE223083FC008300D3 /* MainInterface.storyboard in Resources */,
			);
			runOnlyForDeploymentPostprocessing = 0;
		};
/* End PBXResourcesBuildPhase section */

/* Begin PBXSourcesBuildPhase section */
		8E1956CE223083FB008300D3 /* Sources */ = {
			isa = PBXSourcesBuildPhase;
			buildActionMask = 2147483647;
			files = (
				43E028C7224C695E00C086A5 /* Package.swift in Sources */,
				43E028C0224C5DA700C086A5 /* AppleMusic.swift in Sources */,
				8E1956DB223083FC008300D3 /* MessagesViewController.swift in Sources */,
			);
			runOnlyForDeploymentPostprocessing = 0;
		};
/* End PBXSourcesBuildPhase section */

/* Begin PBXTargetDependency section */
		8E1956D5223083FB008300D3 /* PBXTargetDependency */ = {
			isa = PBXTargetDependency;
			target = 8E1956D1223083FB008300D3 /* PlaylistConverter MessagesExtension */;
			targetProxy = 8E1956D4223083FB008300D3 /* PBXContainerItemProxy */;
		};
/* End PBXTargetDependency section */

/* Begin PBXVariantGroup section */
		8E1956DC223083FC008300D3 /* MainInterface.storyboard */ = {
			isa = PBXVariantGroup;
			children = (
				8E1956DD223083FC008300D3 /* Base */,
			);
			name = MainInterface.storyboard;
			sourceTree = "<group>";
		};
/* End PBXVariantGroup section */

/* Begin XCBuildConfiguration section */
		8E1956E2223083FC008300D3 /* Debug */ = {
			isa = XCBuildConfiguration;
			buildSettings = {
				ALWAYS_SEARCH_USER_PATHS = NO;
				CLANG_ANALYZER_NONNULL = YES;
				CLANG_ANALYZER_NUMBER_OBJECT_CONVERSION = YES_AGGRESSIVE;
				CLANG_CXX_LANGUAGE_STANDARD = "gnu++14";
				CLANG_CXX_LIBRARY = "libc++";
				CLANG_ENABLE_MODULES = YES;
				CLANG_ENABLE_OBJC_ARC = YES;
				CLANG_ENABLE_OBJC_WEAK = YES;
				CLANG_WARN_BLOCK_CAPTURE_AUTORELEASING = YES;
				CLANG_WARN_BOOL_CONVERSION = YES;
				CLANG_WARN_COMMA = YES;
				CLANG_WARN_CONSTANT_CONVERSION = YES;
				CLANG_WARN_DEPRECATED_OBJC_IMPLEMENTATIONS = YES;
				CLANG_WARN_DIRECT_OBJC_ISA_USAGE = YES_ERROR;
				CLANG_WARN_DOCUMENTATION_COMMENTS = YES;
				CLANG_WARN_EMPTY_BODY = YES;
				CLANG_WARN_ENUM_CONVERSION = YES;
				CLANG_WARN_INFINITE_RECURSION = YES;
				CLANG_WARN_INT_CONVERSION = YES;
				CLANG_WARN_NON_LITERAL_NULL_CONVERSION = YES;
				CLANG_WARN_OBJC_IMPLICIT_RETAIN_SELF = YES;
				CLANG_WARN_OBJC_LITERAL_CONVERSION = YES;
				CLANG_WARN_OBJC_ROOT_CLASS = YES_ERROR;
				CLANG_WARN_RANGE_LOOP_ANALYSIS = YES;
				CLANG_WARN_STRICT_PROTOTYPES = YES;
				CLANG_WARN_SUSPICIOUS_MOVE = YES;
				CLANG_WARN_UNGUARDED_AVAILABILITY = YES_AGGRESSIVE;
				CLANG_WARN_UNREACHABLE_CODE = YES;
				CLANG_WARN__DUPLICATE_METHOD_MATCH = YES;
				CODE_SIGN_IDENTITY = "iPhone Developer";
				COPY_PHASE_STRIP = NO;
				DEBUG_INFORMATION_FORMAT = dwarf;
				ENABLE_STRICT_OBJC_MSGSEND = YES;
				ENABLE_TESTABILITY = YES;
				GCC_C_LANGUAGE_STANDARD = gnu11;
				GCC_DYNAMIC_NO_PIC = NO;
				GCC_NO_COMMON_BLOCKS = YES;
				GCC_OPTIMIZATION_LEVEL = 0;
				GCC_PREPROCESSOR_DEFINITIONS = (
					"DEBUG=1",
					"$(inherited)",
				);
				GCC_WARN_64_TO_32_BIT_CONVERSION = YES;
				GCC_WARN_ABOUT_RETURN_TYPE = YES_ERROR;
				GCC_WARN_UNDECLARED_SELECTOR = YES;
				GCC_WARN_UNINITIALIZED_AUTOS = YES_AGGRESSIVE;
				GCC_WARN_UNUSED_FUNCTION = YES;
				GCC_WARN_UNUSED_VARIABLE = YES;
				IPHONEOS_DEPLOYMENT_TARGET = 12.1;
				MTL_ENABLE_DEBUG_INFO = INCLUDE_SOURCE;
				MTL_FAST_MATH = YES;
				ONLY_ACTIVE_ARCH = YES;
				SDKROOT = iphoneos;
				SWIFT_ACTIVE_COMPILATION_CONDITIONS = DEBUG;
				SWIFT_OPTIMIZATION_LEVEL = "-Onone";
			};
			name = Debug;
		};
		8E1956E3223083FC008300D3 /* Release */ = {
			isa = XCBuildConfiguration;
			buildSettings = {
				ALWAYS_SEARCH_USER_PATHS = NO;
				CLANG_ANALYZER_NONNULL = YES;
				CLANG_ANALYZER_NUMBER_OBJECT_CONVERSION = YES_AGGRESSIVE;
				CLANG_CXX_LANGUAGE_STANDARD = "gnu++14";
				CLANG_CXX_LIBRARY = "libc++";
				CLANG_ENABLE_MODULES = YES;
				CLANG_ENABLE_OBJC_ARC = YES;
				CLANG_ENABLE_OBJC_WEAK = YES;
				CLANG_WARN_BLOCK_CAPTURE_AUTORELEASING = YES;
				CLANG_WARN_BOOL_CONVERSION = YES;
				CLANG_WARN_COMMA = YES;
				CLANG_WARN_CONSTANT_CONVERSION = YES;
				CLANG_WARN_DEPRECATED_OBJC_IMPLEMENTATIONS = YES;
				CLANG_WARN_DIRECT_OBJC_ISA_USAGE = YES_ERROR;
				CLANG_WARN_DOCUMENTATION_COMMENTS = YES;
				CLANG_WARN_EMPTY_BODY = YES;
				CLANG_WARN_ENUM_CONVERSION = YES;
				CLANG_WARN_INFINITE_RECURSION = YES;
				CLANG_WARN_INT_CONVERSION = YES;
				CLANG_WARN_NON_LITERAL_NULL_CONVERSION = YES;
				CLANG_WARN_OBJC_IMPLICIT_RETAIN_SELF = YES;
				CLANG_WARN_OBJC_LITERAL_CONVERSION = YES;
				CLANG_WARN_OBJC_ROOT_CLASS = YES_ERROR;
				CLANG_WARN_RANGE_LOOP_ANALYSIS = YES;
				CLANG_WARN_STRICT_PROTOTYPES = YES;
				CLANG_WARN_SUSPICIOUS_MOVE = YES;
				CLANG_WARN_UNGUARDED_AVAILABILITY = YES_AGGRESSIVE;
				CLANG_WARN_UNREACHABLE_CODE = YES;
				CLANG_WARN__DUPLICATE_METHOD_MATCH = YES;
				CODE_SIGN_IDENTITY = "iPhone Developer";
				COPY_PHASE_STRIP = NO;
				DEBUG_INFORMATION_FORMAT = "dwarf-with-dsym";
				ENABLE_NS_ASSERTIONS = NO;
				ENABLE_STRICT_OBJC_MSGSEND = YES;
				GCC_C_LANGUAGE_STANDARD = gnu11;
				GCC_NO_COMMON_BLOCKS = YES;
				GCC_WARN_64_TO_32_BIT_CONVERSION = YES;
				GCC_WARN_ABOUT_RETURN_TYPE = YES_ERROR;
				GCC_WARN_UNDECLARED_SELECTOR = YES;
				GCC_WARN_UNINITIALIZED_AUTOS = YES_AGGRESSIVE;
				GCC_WARN_UNUSED_FUNCTION = YES;
				GCC_WARN_UNUSED_VARIABLE = YES;
				IPHONEOS_DEPLOYMENT_TARGET = 12.1;
				MTL_ENABLE_DEBUG_INFO = NO;
				MTL_FAST_MATH = YES;
				SDKROOT = iphoneos;
				SWIFT_COMPILATION_MODE = wholemodule;
				SWIFT_OPTIMIZATION_LEVEL = "-O";
				VALIDATE_PRODUCT = YES;
			};
			name = Release;
		};
		8E1956E5223083FC008300D3 /* Debug */ = {
			isa = XCBuildConfiguration;
			buildSettings = {
				ASSETCATALOG_COMPILER_APPICON_NAME = "iMessage App Icon";
				CODE_SIGN_ENTITLEMENTS = "PlaylistConverter MessagesExtension/PlaylistConverter MessagesExtension.entitlements";
				CODE_SIGN_STYLE = Automatic;
				DEVELOPMENT_TEAM = 3BCS59KYHM;
				INFOPLIST_FILE = "PlaylistConverter MessagesExtension/Info.plist";
				LD_RUNPATH_SEARCH_PATHS = (
					"$(inherited)",
					"@executable_path/Frameworks",
					"@executable_path/../../Frameworks",
				);
				PRODUCT_BUNDLE_IDENTIFIER = com.example..PlaylistConverter.MessagesExtension;
				PRODUCT_NAME = "$(TARGET_NAME)";
				SKIP_INSTALL = YES;
				SWIFT_VERSION = 4.2;
				TARGETED_DEVICE_FAMILY = "1,2";
			};
			name = Debug;
		};
		8E1956E6223083FC008300D3 /* Release */ = {
			isa = XCBuildConfiguration;
			buildSettings = {
				ASSETCATALOG_COMPILER_APPICON_NAME = "iMessage App Icon";
				CODE_SIGN_ENTITLEMENTS = "PlaylistConverter MessagesExtension/PlaylistConverter MessagesExtension.entitlements";
				CODE_SIGN_STYLE = Automatic;
				DEVELOPMENT_TEAM = 3BCS59KYHM;
				INFOPLIST_FILE = "PlaylistConverter MessagesExtension/Info.plist";
				LD_RUNPATH_SEARCH_PATHS = (
					"$(inherited)",
					"@executable_path/Frameworks",
					"@executable_path/../../Frameworks",
				);
				PRODUCT_BUNDLE_IDENTIFIER = com.example..PlaylistConverter.MessagesExtension;
				PRODUCT_NAME = "$(TARGET_NAME)";
				SKIP_INSTALL = YES;
				SWIFT_VERSION = 4.2;
				TARGETED_DEVICE_FAMILY = "1,2";
			};
			name = Release;
		};
		8E1956E9223083FC008300D3 /* Debug */ = {
			isa = XCBuildConfiguration;
			buildSettings = {
				ALWAYS_EMBED_SWIFT_STANDARD_LIBRARIES = YES;
				ASSETCATALOG_COMPILER_APPICON_NAME = AppIcon;
				CODE_SIGN_STYLE = Automatic;
				DEVELOPMENT_TEAM = 546M7CYXCH;
				INFOPLIST_FILE = PlaylistConverter/Info.plist;
				PRODUCT_BUNDLE_IDENTIFIER = com.example..PlaylistConverter;
				PRODUCT_NAME = "$(TARGET_NAME)";
				SWIFT_VERSION = 4.2;
				TARGETED_DEVICE_FAMILY = "1,2";
			};
			name = Debug;
		};
		8E1956EA223083FC008300D3 /* Release */ = {
			isa = XCBuildConfiguration;
			buildSettings = {
				ALWAYS_EMBED_SWIFT_STANDARD_LIBRARIES = YES;
				ASSETCATALOG_COMPILER_APPICON_NAME = AppIcon;
				CODE_SIGN_STYLE = Automatic;
				DEVELOPMENT_TEAM = 546M7CYXCH;
				INFOPLIST_FILE = PlaylistConverter/Info.plist;
				PRODUCT_BUNDLE_IDENTIFIER = com.example..PlaylistConverter;
				PRODUCT_NAME = "$(TARGET_NAME)";
				SWIFT_VERSION = 4.2;
				TARGETED_DEVICE_FAMILY = "1,2";
			};
			name = Release;
		};
/* End XCBuildConfiguration section */

/* Begin XCConfigurationList section */
		8E1956C5223083F6008300D3 /* Build configuration list for PBXProject "PlaylistConverter" */ = {
			isa = XCConfigurationList;
			buildConfigurations = (
				8E1956E2223083FC008300D3 /* Debug */,
				8E1956E3223083FC008300D3 /* Release */,
			);
			defaultConfigurationIsVisible = 0;
			defaultConfigurationName = Release;
		};
		8E1956E4223083FC008300D3 /* Build configuration list for PBXNativeTarget "PlaylistConverter MessagesExtension" */ = {
			isa = XCConfigurationList;
			buildConfigurations = (
				8E1956E5223083FC008300D3 /* Debug */,
				8E1956E6223083FC008300D3 /* Release */,
			);
			defaultConfigurationIsVisible = 0;
			defaultConfigurationName = Release;
		};
		8E1956E8223083FC008300D3 /* Build configuration list for PBXNativeTarget "PlaylistConverter" */ = {
			isa = XCConfigurationList;
			buildConfigurations = (
				8E1956E9223083FC008300D3 /* Debug */,
				8E1956EA223083FC008300D3 /* Release */,
			);
			defaultConfigurationIsVisible = 0;
			defaultConfigurationName = Release;
		};
/* End XCConfigurationList section */
	};
	rootObject = 8E1956C2223083F6008300D3 /* Project object */;
}
